{
  "name": "clone",
  "version": "1.0.0",
  "lockfileVersion": 2,
  "requires": true,
  "packages": {
    "": {
      "name": "clone",
      "version": "1.0.0",
      "license": "ISC",
      "dependencies": {
        "@rubentnc/ajs": "^1.0.0"
      }
    },
    "node_modules/@rubentnc/ajs": {
      "version": "1.0.0",
      "resolved": "https://npm.pkg.github.com/download/@rubentnc/ajs/1.0.0/16d0f40d551f7784d229b7c5fc3d3888349d3bad",
      "integrity": "sha512-VOzRzFwLaGFPmp2pMBShR+reOWG8rkeI1KFi/vl1iL/O+riyGJMHiGvM0HJuq8l/gMvQmmBT/OqlOMk0BFnE+w==",
      "license": "ISC"
    }
  },
  "dependencies": {
    "@rubentnc/ajs": {
      "version": "1.0.0",
      "resolved": "https://npm.pkg.github.com/download/@rubentnc/ajs/1.0.0/16d0f40d551f7784d229b7c5fc3d3888349d3bad",
      "integrity": "sha512-VOzRzFwLaGFPmp2pMBShR+reOWG8rkeI1KFi/vl1iL/O+riyGJMHiGvM0HJuq8l/gMvQmmBT/OqlOMk0BFnE+w=="
    }
  }
}
